{
  "name": "ajs-node",
  "version": "1.0.0",
  "lockfileVersion": 1,
  "requires": true,
  "dependencies": {
    "@meg-mila/ajs": {
      "version": "1.0.0",
      "resolved": "https://npm.pkg.github.com/download/@meg-mila/ajs/1.0.0/ea93d7f8313bcfb123971cef51ed408f62205fd470efca9cffb07c495f230032",
      "integrity": "sha1-h5HDvUUHbWXfMvboYYOsN1xJvqc="
    }
  }
}
